
Microsoft Visual Studio Solution File, Format Version 12.00
# Visual Studio Version 17
VisualStudioVersion = 17.14.36811.4 d17.14
MinimumVisualStudioVersion = 10.0.40219.1
Project("{FAE04EC0-301F-11D3-BF4B-00C04F79EFBC}") = "InternetLog", "InternetLog\InternetLog.csproj", "{7D0CB4FB-DCA0-480F-A881-FA9110A02187}"
EndProject
Global
	GlobalSection(SolutionConfigurationPlatforms) = preSolution
		Debug|Any CPU = Debug|Any CPU
		Release|Any CPU = Release|Any CPU
	EndGlobalSection
	GlobalSection(ProjectConfigurationPlatforms) = postSolution
		{7D0CB4FB-DCA0-480F-A881-FA9110A02187}.Debug|Any CPU.ActiveCfg = Debug|Any CPU
		{7D0CB4FB-DCA0-480F-A881-FA9110A02187}.Debug|Any CPU.Build.0 = Debug|Any CPU
		{7D0CB4FB-DCA0-480F-A881-FA9110A02187}.Release|Any CPU.ActiveCfg = Release|Any CPU
		{7D0CB4FB-DCA0-480F-A881-FA9110A02187}.Release|Any CPU.Build.0 = Release|Any CPU
	EndGlobalSection
	GlobalSection(SolutionProperties) = preSolution
		HideSolutionNode = FALSE
	EndGlobalSection
	GlobalSection(ExtensibilityGlobals) = postSolution
		SolutionGuid = {2061C594-AD2D-4664-8B62-6C4F4EA3CE94}
	EndGlobalSection
EndGlobal
